lockfileVersion: 5.3

specifiers:
  rescript: ^9.1.4
  validator: ^13.6.0

dependencies:
  rescript: 9.1.4
  validator: 13.6.0

packages:

  /rescript/9.1.4:
    resolution: {integrity: sha512-aXANK4IqecJzdnDpJUsU6pxMViCR5ogAxzuqS0mOr8TloMnzAjJFu63fjD6LCkWrKAhlMkFFzQvVQYaAaVkFXw==}
    hasBin: true
    requiresBuild: true
    dev: false

  /validator/13.6.0:
    resolution: {integrity: sha512-gVgKbdbHgtxpRyR8K0O6oFZPhhB5tT1jeEHZR0Znr9Svg03U0+r9DXWMrnRAB+HtCStDQKlaIZm42tVsVjqtjg==}
    engines: {node: '>= 0.10'}
    dev: false
